// !$*UTF8*$!
{
	archiveVersion = 1;
	classes = {
	};
	objectVersion = 48;
	objects = {

/* Begin PBXFileReference section */
		015F508B1FA11DCE0090AA02 /* hud.cpp */ = {isa = PBXFileReference; lastKnownFileType = sourcecode.cpp.cpp; path = hud.cpp; sourceTree = "<group>"; };
		015F508C1FA11DCE0090AA02 /* hud.h */ = {isa = PBXFileReference; lastKnownFileType = sourcecode.c.h; path = hud.h; sourceTree = "<group>"; };
		015F508D1FA40C360090AA02 /* multiworld.cpp */ = {isa = PBXFileReference; lastKnownFileType = sourcecode.cpp.cpp; path = multiworld.cpp; sourceTree = "<group>"; };
		015F508E1FA40C370090AA02 /* multiworld.h */ = {isa = PBXFileReference; lastKnownFileType = sourcecode.c.h; path = multiworld.h; sourceTree = "<group>"; };
		015F508F1FA4F95C0090AA02 /* Level.cpp */ = {isa = PBXFileReference; lastKnownFileType = sourcecode.cpp.cpp; path = Level.cpp; sourceTree = "<group>"; };
		015F50901FA4F95C0090AA02 /* Level.h */ = {isa = PBXFileReference; lastKnownFileType = sourcecode.c.h; path = Level.h; sourceTree = "<group>"; };
		018721F41FA102440090F198 /* frameGenerator.cpp */ = {isa = PBXFileReference; fileEncoding = 4; lastKnownFileType = sourcecode.cpp.cpp; name = frameGenerator.cpp; path = ../ColorCup/frameGenerator.cpp; sourceTree = "<group>"; };
		018721F51FA102440090F198 /* collisionStrategy.cpp */ = {isa = PBXFileReference; fileEncoding = 4; lastKnownFileType = sourcecode.cpp.cpp; name = collisionStrategy.cpp; path = ../ColorCup/collisionStrategy.cpp; sourceTree = "<group>"; };
		018721F61FA102440090F198 /* vector2f.cpp */ = {isa = PBXFileReference; fileEncoding = 4; lastKnownFileType = sourcecode.cpp.cpp; name = vector2f.cpp; path = ../ColorCup/vector2f.cpp; sourceTree = "<group>"; };
		018721F71FA102450090F198 /* Makefile */ = {isa = PBXFileReference; fileEncoding = 4; lastKnownFileType = sourcecode.make; name = Makefile; path = ../ColorCup/Makefile; sourceTree = "<group>"; };
		018721F81FA102450090F198 /* parseXML.cpp */ = {isa = PBXFileReference; fileEncoding = 4; lastKnownFileType = sourcecode.cpp.cpp; name = parseXML.cpp; path = ../ColorCup/parseXML.cpp; sourceTree = "<group>"; };
		018721F91FA102450090F198 /* frames */ = {isa = PBXFileReference; lastKnownFileType = folder; name = frames; path = ../ColorCup/frames; sourceTree = "<group>"; };
		018721FA1FA102450090F198 /* vector2f.h */ = {isa = PBXFileReference; fileEncoding = 4; lastKnownFileType = sourcecode.c.h; name = vector2f.h; path = ../ColorCup/vector2f.h; sourceTree = "<group>"; };
		018721FB1FA102450090F198 /* smartSprite.h */ = {isa = PBXFileReference; fileEncoding = 4; lastKnownFileType = sourcecode.c.h; name = smartSprite.h; path = ../ColorCup/smartSprite.h; sourceTree = "<group>"; };
		018721FC1FA102450090F198 /* image.cpp */ = {isa = PBXFileReference; fileEncoding = 4; lastKnownFileType = sourcecode.cpp.cpp; name = image.cpp; path = ../ColorCup/image.cpp; sourceTree = "<group>"; };
		018721FD1FA102450090F198 /* image.h */ = {isa = PBXFileReference; fileEncoding = 4; lastKnownFileType = sourcecode.c.h; name = image.h; path = ../ColorCup/image.h; sourceTree = "<group>"; };
		018721FE1FA102450090F198 /* clock.h */ = {isa = PBXFileReference; fileEncoding = 4; lastKnownFileType = sourcecode.c.h; name = clock.h; path = ../ColorCup/clock.h; sourceTree = "<group>"; };
		018721FF1FA102450090F198 /* frameGenerator.h */ = {isa = PBXFileReference; fileEncoding = 4; lastKnownFileType = sourcecode.c.h; name = frameGenerator.h; path = ../ColorCup/frameGenerator.h; sourceTree = "<group>"; };
		018722001FA102450090F198 /* assets */ = {isa = PBXFileReference; lastKnownFileType = folder; name = assets; path = ../ColorCup/assets; sourceTree = "<group>"; };
		018722011FA102450090F198 /* multisprite.h */ = {isa = PBXFileReference; fileEncoding = 4; lastKnownFileType = sourcecode.c.h; name = multisprite.h; path = ../ColorCup/multisprite.h; sourceTree = "<group>"; };
		018722021FA102450090F198 /* smartSprite.cpp */ = {isa = PBXFileReference; fileEncoding = 4; lastKnownFileType = sourcecode.cpp.cpp; name = smartSprite.cpp; path = ../ColorCup/smartSprite.cpp; sourceTree = "<group>"; };
		018722031FA102450090F198 /* parseXML.h */ = {isa = PBXFileReference; fileEncoding = 4; lastKnownFileType = sourcecode.c.h; name = parseXML.h; path = ../ColorCup/parseXML.h; sourceTree = "<group>"; };
		018722041FA102460090F198 /* drawable.h */ = {isa = PBXFileReference; fileEncoding = 4; lastKnownFileType = sourcecode.c.h; name = drawable.h; path = ../ColorCup/drawable.h; sourceTree = "<group>"; };
		018722051FA102460090F198 /* ioMod.cpp */ = {isa = PBXFileReference; fileEncoding = 4; lastKnownFileType = sourcecode.cpp.cpp; name = ioMod.cpp; path = ../ColorCup/ioMod.cpp; sourceTree = "<group>"; };
		018722061FA102460090F198 /* ioMod.h */ = {isa = PBXFileReference; fileEncoding = 4; lastKnownFileType = sourcecode.c.h; name = ioMod.h; path = ../ColorCup/ioMod.h; sourceTree = "<group>"; };
		018722071FA102460090F198 /* viewport.cpp */ = {isa = PBXFileReference; fileEncoding = 4; lastKnownFileType = sourcecode.cpp.cpp; name = viewport.cpp; path = ../ColorCup/viewport.cpp; sourceTree = "<group>"; };
		018722081FA102460090F198 /* README */ = {isa = PBXFileReference; fileEncoding = 4; lastKnownFileType = text; name = README; path = ../ColorCup/README; sourceTree = "<group>"; };
		018722091FA102460090F198 /* engine.cpp */ = {isa = PBXFileReference; fileEncoding = 4; lastKnownFileType = sourcecode.cpp.cpp; name = engine.cpp; path = ../ColorCup/engine.cpp; sourceTree = "<group>"; };
		0187220A1FA102460090F198 /* engine.h */ = {isa = PBXFileReference; fileEncoding = 4; lastKnownFileType = sourcecode.c.h; name = engine.h; path = ../ColorCup/engine.h; sourceTree = "<group>"; };
		0187220B1FA102470090F198 /* gamedata.h */ = {isa = PBXFileReference; fileEncoding = 4; lastKnownFileType = sourcecode.c.h; name = gamedata.h; path = ../ColorCup/gamedata.h; sourceTree = "<group>"; };
		0187220C1FA102470090F198 /* player.h */ = {isa = PBXFileReference; fileEncoding = 4; lastKnownFileType = sourcecode.c.h; name = player.h; path = ../ColorCup/player.h; sourceTree = "<group>"; };
		0187220D1FA102470090F198 /* fonts */ = {isa = PBXFileReference; lastKnownFileType = folder; name = fonts; path = ../ColorCup/fonts; sourceTree = "<group>"; };
		0187220E1FA102470090F198 /* world.h */ = {isa = PBXFileReference; fileEncoding = 4; lastKnownFileType = sourcecode.c.h; name = world.h; path = ../ColorCup/world.h; sourceTree = "<group>"; };
		0187220F1FA102470090F198 /* xmlSpec */ = {isa = PBXFileReference; lastKnownFileType = folder; name = xmlSpec; path = ../ColorCup/xmlSpec; sourceTree = "<group>"; };
		018722101FA102470090F198 /* subjectSprite.h */ = {isa = PBXFileReference; fileEncoding = 4; lastKnownFileType = sourcecode.c.h; name = subjectSprite.h; path = ../ColorCup/subjectSprite.h; sourceTree = "<group>"; };
		018722111FA102480090F198 /* player.cpp */ = {isa = PBXFileReference; fileEncoding = 4; lastKnownFileType = sourcecode.cpp.cpp; name = player.cpp; path = ../ColorCup/player.cpp; sourceTree = "<group>"; };
		018722121FA102480090F198 /* multisprite.cpp */ = {isa = PBXFileReference; fileEncoding = 4; lastKnownFileType = sourcecode.cpp.cpp; name = multisprite.cpp; path = ../ColorCup/multisprite.cpp; sourceTree = "<group>"; };
		018722131FA102480090F198 /* sprite.cpp */ = {isa = PBXFileReference; fileEncoding = 4; lastKnownFileType = sourcecode.cpp.cpp; name = sprite.cpp; path = ../ColorCup/sprite.cpp; sourceTree = "<group>"; };
		018722141FA102480090F198 /* viewport.h */ = {isa = PBXFileReference; fileEncoding = 4; lastKnownFileType = sourcecode.c.h; name = viewport.h; path = ../ColorCup/viewport.h; sourceTree = "<group>"; };
		018722151FA102480090F198 /* clock.cpp */ = {isa = PBXFileReference; fileEncoding = 4; lastKnownFileType = sourcecode.cpp.cpp; name = clock.cpp; path = ../ColorCup/clock.cpp; sourceTree = "<group>"; };
		018722161FA102490090F198 /* collisionStrategy.h */ = {isa = PBXFileReference; fileEncoding = 4; lastKnownFileType = sourcecode.c.h; name = collisionStrategy.h; path = ../ColorCup/collisionStrategy.h; sourceTree = "<group>"; };
		018722171FA102490090F198 /* spriteSheet.h */ = {isa = PBXFileReference; fileEncoding = 4; lastKnownFileType = sourcecode.c.h; name = spriteSheet.h; path = ../ColorCup/spriteSheet.h; sourceTree = "<group>"; };
		018722181FA102490090F198 /* spriteSheet.cpp */ = {isa = PBXFileReference; fileEncoding = 4; lastKnownFileType = sourcecode.cpp.cpp; name = spriteSheet.cpp; path = ../ColorCup/spriteSheet.cpp; sourceTree = "<group>"; };
		018722191FA1024A0090F198 /* subjectSprite.cpp */ = {isa = PBXFileReference; fileEncoding = 4; lastKnownFileType = sourcecode.cpp.cpp; name = subjectSprite.cpp; path = ../ColorCup/subjectSprite.cpp; sourceTree = "<group>"; };
		0187221A1FA1024A0090F198 /* sprite.h */ = {isa = PBXFileReference; fileEncoding = 4; lastKnownFileType = sourcecode.c.h; name = sprite.h; path = ../ColorCup/sprite.h; sourceTree = "<group>"; };
		0187221B1FA1024A0090F198 /* renderContext.cpp */ = {isa = PBXFileReference; fileEncoding = 4; lastKnownFileType = sourcecode.cpp.cpp; name = renderContext.cpp; path = ../ColorCup/renderContext.cpp; sourceTree = "<group>"; };
		0187221C1FA1024A0090F198 /* gamedata.cpp */ = {isa = PBXFileReference; fileEncoding = 4; lastKnownFileType = sourcecode.cpp.cpp; name = gamedata.cpp; path = ../ColorCup/gamedata.cpp; sourceTree = "<group>"; };
		0187221D1FA1024B0090F198 /* imageFactory.cpp */ = {isa = PBXFileReference; fileEncoding = 4; lastKnownFileType = sourcecode.cpp.cpp; name = imageFactory.cpp; path = ../ColorCup/imageFactory.cpp; sourceTree = "<group>"; };
		0187221E1FA1024B0090F198 /* imageFactory.h */ = {isa = PBXFileReference; fileEncoding = 4; lastKnownFileType = sourcecode.c.h; name = imageFactory.h; path = ../ColorCup/imageFactory.h; sourceTree = "<group>"; };
		0187221F1FA1024B0090F198 /* renderContext.h */ = {isa = PBXFileReference; fileEncoding = 4; lastKnownFileType = sourcecode.c.h; name = renderContext.h; path = ../ColorCup/renderContext.h; sourceTree = "<group>"; };
		018722201FA1024C0090F198 /* world.cpp */ = {isa = PBXFileReference; fileEncoding = 4; lastKnownFileType = sourcecode.cpp.cpp; name = world.cpp; path = ../ColorCup/world.cpp; sourceTree = "<group>"; };
		01A9AE231FCC81AC003B8B5C /* sound.cpp */ = {isa = PBXFileReference; fileEncoding = 4; lastKnownFileType = sourcecode.cpp.cpp; path = sound.cpp; sourceTree = "<group>"; };
		01A9AE241FCC81AD003B8B5C /* sound.h */ = {isa = PBXFileReference; fileEncoding = 4; lastKnownFileType = sourcecode.c.h; path = sound.h; sourceTree = "<group>"; };
		01A9AE261FCC964F003B8B5C /* bullet.cpp */ = {isa = PBXFileReference; fileEncoding = 4; lastKnownFileType = sourcecode.cpp.cpp; path = bullet.cpp; sourceTree = "<group>"; };
		01A9AE271FCC964F003B8B5C /* bullet.h */ = {isa = PBXFileReference; fileEncoding = 4; lastKnownFileType = sourcecode.c.h; path = bullet.h; sourceTree = "<group>"; };
		01A9AE281FCC964F003B8B5C /* shootingSprite.cpp */ = {isa = PBXFileReference; fileEncoding = 4; lastKnownFileType = sourcecode.cpp.cpp; path = shootingSprite.cpp; sourceTree = "<group>"; };
		01A9AE291FCC9650003B8B5C /* shootingSprite.h */ = {isa = PBXFileReference; fileEncoding = 4; lastKnownFileType = sourcecode.c.h; path = shootingSprite.h; sourceTree = "<group>"; };
		01B73B681FCFA246009170DD /* explodingSprite.cpp */ = {isa = PBXFileReference; fileEncoding = 4; lastKnownFileType = sourcecode.cpp.cpp; path = explodingSprite.cpp; sourceTree = "<group>"; };
		01B73B691FCFA246009170DD /* explodingSprite.h */ = {isa = PBXFileReference; fileEncoding = 4; lastKnownFileType = sourcecode.c.h; path = explodingSprite.h; sourceTree = "<group>"; };
		01B73B6A1FCFA278009170DD /* chunk.cpp */ = {isa = PBXFileReference; fileEncoding = 4; lastKnownFileType = sourcecode.cpp.cpp; path = chunk.cpp; sourceTree = "<group>"; };
		01B73B6B1FCFA278009170DD /* chunk.h */ = {isa = PBXFileReference; fileEncoding = 4; lastKnownFileType = sourcecode.c.h; path = chunk.h; sourceTree = "<group>"; };
/* End PBXFileReference section */

/* Begin PBXGroup section */
		018721E91FA101EE0090F198 = {
			isa = PBXGroup;
			children = (
				018722001FA102450090F198 /* assets */,
				018722151FA102480090F198 /* clock.cpp */,
				018721FE1FA102450090F198 /* clock.h */,
				018721F51FA102440090F198 /* collisionStrategy.cpp */,
				018722161FA102490090F198 /* collisionStrategy.h */,
				018722041FA102460090F198 /* drawable.h */,
				01B73B6A1FCFA278009170DD /* chunk.cpp */,
				01B73B6B1FCFA278009170DD /* chunk.h */,
				018722091FA102460090F198 /* engine.cpp */,
				0187220A1FA102460090F198 /* engine.h */,
				0187220D1FA102470090F198 /* fonts */,
				018721F41FA102440090F198 /* frameGenerator.cpp */,
				018721FF1FA102450090F198 /* frameGenerator.h */,
				018721F91FA102450090F198 /* frames */,
				0187221C1FA1024A0090F198 /* gamedata.cpp */,
				0187220B1FA102470090F198 /* gamedata.h */,
				018721FC1FA102450090F198 /* image.cpp */,
				018721FD1FA102450090F198 /* image.h */,
				0187221D1FA1024B0090F198 /* imageFactory.cpp */,
				0187221E1FA1024B0090F198 /* imageFactory.h */,
				018722051FA102460090F198 /* ioMod.cpp */,
				018722061FA102460090F198 /* ioMod.h */,
				018721F71FA102450090F198 /* Makefile */,
				018722121FA102480090F198 /* multisprite.cpp */,
				018722011FA102450090F198 /* multisprite.h */,
				018721F81FA102450090F198 /* parseXML.cpp */,
				018722031FA102450090F198 /* parseXML.h */,
				018722111FA102480090F198 /* player.cpp */,
				015F508B1FA11DCE0090AA02 /* hud.cpp */,
				01A9AE261FCC964F003B8B5C /* bullet.cpp */,
				01A9AE271FCC964F003B8B5C /* bullet.h */,
				01A9AE281FCC964F003B8B5C /* shootingSprite.cpp */,
				01A9AE291FCC9650003B8B5C /* shootingSprite.h */,
				015F508F1FA4F95C0090AA02 /* Level.cpp */,
				01A9AE231FCC81AC003B8B5C /* sound.cpp */,
				01A9AE241FCC81AD003B8B5C /* sound.h */,
				015F50901FA4F95C0090AA02 /* Level.h */,
				015F508D1FA40C360090AA02 /* multiworld.cpp */,
				015F508E1FA40C370090AA02 /* multiworld.h */,
				015F508C1FA11DCE0090AA02 /* hud.h */,
				0187220C1FA102470090F198 /* player.h */,
				018722081FA102460090F198 /* README */,
				0187221B1FA1024A0090F198 /* renderContext.cpp */,
				0187221F1FA1024B0090F198 /* renderContext.h */,
				018722021FA102450090F198 /* smartSprite.cpp */,
				01B73B681FCFA246009170DD /* explodingSprite.cpp */,
				01B73B691FCFA246009170DD /* explodingSprite.h */,
				018721FB1FA102450090F198 /* smartSprite.h */,
				018722131FA102480090F198 /* sprite.cpp */,
				0187221A1FA1024A0090F198 /* sprite.h */,
				018722181FA102490090F198 /* spriteSheet.cpp */,
				018722171FA102490090F198 /* spriteSheet.h */,
				018722191FA1024A0090F198 /* subjectSprite.cpp */,
				018722101FA102470090F198 /* subjectSprite.h */,
				018721F61FA102440090F198 /* vector2f.cpp */,
				018721FA1FA102450090F198 /* vector2f.h */,
				018722071FA102460090F198 /* viewport.cpp */,
				018722141FA102480090F198 /* viewport.h */,
				018722201FA1024C0090F198 /* world.cpp */,
				0187220E1FA102470090F198 /* world.h */,
				0187220F1FA102470090F198 /* xmlSpec */,
			);
			sourceTree = "<group>";
		};
/* End PBXGroup section */

/* Begin PBXLegacyTarget section */
		018721EE1FA101EE0090F198 /* ColorCupMake */ = {
			isa = PBXLegacyTarget;
			buildArgumentsString = "$(ACTION)";
			buildConfigurationList = 018721F11FA101EE0090F198 /* Build configuration list for PBXLegacyTarget "ColorCupMake" */;
			buildPhases = (
			);
			buildToolPath = /usr/bin/make;
			dependencies = (
			);
			name = ColorCupMake;
			passBuildSettingsInEnvironment = 1;
			productName = ColorCupMake;
		};
/* End PBXLegacyTarget section */

/* Begin PBXProject section */
		018721EA1FA101EE0090F198 /* Project object */ = {
			isa = PBXProject;
			attributes = {
				LastUpgradeCheck = 0900;
				ORGANIZATIONNAME = "Joey Costa";
				TargetAttributes = {
					018721EE1FA101EE0090F198 = {
						CreatedOnToolsVersion = 9.0.1;
						ProvisioningStyle = Automatic;
					};
				};
			};
			buildConfigurationList = 018721ED1FA101EE0090F198 /* Build configuration list for PBXProject "ColorCupMake" */;
			compatibilityVersion = "Xcode 8.0";
			developmentRegion = en;
			hasScannedForEncodings = 0;
			knownRegions = (
				en,
			);
			mainGroup = 018721E91FA101EE0090F198;
			projectDirPath = "";
			projectRoot = "";
			targets = (
				018721EE1FA101EE0090F198 /* ColorCupMake */,
			);
		};
/* End PBXProject section */

/* Begin XCBuildConfiguration section */
		018721EF1FA101EE0090F198 /* Debug */ = {
			isa = XCBuildConfiguration;
			buildSettings = {
				ALWAYS_SEARCH_USER_PATHS = NO;
				CLANG_ANALYZER_NONNULL = YES;
				CLANG_ANALYZER_NUMBER_OBJECT_CONVERSION = YES_AGGRESSIVE;
				CLANG_CXX_LANGUAGE_STANDARD = "gnu++14";
				CLANG_CXX_LIBRARY = "libc++";
				CLANG_ENABLE_MODULES = YES;
				CLANG_ENABLE_OBJC_ARC = YES;
				CLANG_WARN_BLOCK_CAPTURE_AUTORELEASING = YES;
				CLANG_WARN_BOOL_CONVERSION = YES;
				CLANG_WARN_COMMA = YES;
				CLANG_WARN_CONSTANT_CONVERSION = YES;
				CLANG_WARN_DIRECT_OBJC_ISA_USAGE = YES_ERROR;
				CLANG_WARN_DOCUMENTATION_COMMENTS = YES;
				CLANG_WARN_EMPTY_BODY = YES;
				CLANG_WARN_ENUM_CONVERSION = YES;
				CLANG_WARN_INFINITE_RECURSION = YES;
				CLANG_WARN_INT_CONVERSION = YES;
				CLANG_WARN_NON_LITERAL_NULL_CONVERSION = YES;
				CLANG_WARN_OBJC_LITERAL_CONVERSION = YES;
				CLANG_WARN_OBJC_ROOT_CLASS = YES_ERROR;
				CLANG_WARN_RANGE_LOOP_ANALYSIS = YES;
				CLANG_WARN_STRICT_PROTOTYPES = YES;
				CLANG_WARN_SUSPICIOUS_MOVE = YES;
				CLANG_WARN_UNGUARDED_AVAILABILITY = YES_AGGRESSIVE;
				CLANG_WARN_UNREACHABLE_CODE = YES;
				CLANG_WARN__DUPLICATE_METHOD_MATCH = YES;
				COPY_PHASE_STRIP = NO;
				DEBUG_INFORMATION_FORMAT = dwarf;
				ENABLE_STRICT_OBJC_MSGSEND = YES;
				ENABLE_TESTABILITY = YES;
				GCC_C_LANGUAGE_STANDARD = gnu11;
				GCC_DYNAMIC_NO_PIC = NO;
				GCC_NO_COMMON_BLOCKS = YES;
				GCC_OPTIMIZATION_LEVEL = 0;
				GCC_PREPROCESSOR_DEFINITIONS = (
					"DEBUG=1",
					"$(inherited)",
				);
				GCC_WARN_64_TO_32_BIT_CONVERSION = YES;
				GCC_WARN_ABOUT_RETURN_TYPE = YES_ERROR;
				GCC_WARN_UNDECLARED_SELECTOR = YES;
				GCC_WARN_UNINITIALIZED_AUTOS = YES_AGGRESSIVE;
				GCC_WARN_UNUSED_FUNCTION = YES;
				GCC_WARN_UNUSED_VARIABLE = YES;
				MACOSX_DEPLOYMENT_TARGET = 10.10.5;
				MTL_ENABLE_DEBUG_INFO = YES;
				ONLY_ACTIVE_ARCH = YES;
			};
			name = Debug;
		};
		018721F01FA101EE0090F198 /* Release */ = {
			isa = XCBuildConfiguration;
			buildSettings = {
				ALWAYS_SEARCH_USER_PATHS = NO;
				CLANG_ANALYZER_NONNULL = YES;
				CLANG_ANALYZER_NUMBER_OBJECT_CONVERSION = YES_AGGRESSIVE;
				CLANG_CXX_LANGUAGE_STANDARD = "gnu++14";
				CLANG_CXX_LIBRARY = "libc++";
				CLANG_ENABLE_MODULES = YES;
				CLANG_ENABLE_OBJC_ARC = YES;
				CLANG_WARN_BLOCK_CAPTURE_AUTORELEASING = YES;
				CLANG_WARN_BOOL_CONVERSION = YES;
				CLANG_WARN_COMMA = YES;
				CLANG_WARN_CONSTANT_CONVERSION = YES;
				CLANG_WARN_DIRECT_OBJC_ISA_USAGE = YES_ERROR;
				CLANG_WARN_DOCUMENTATION_COMMENTS = YES;
				CLANG_WARN_EMPTY_BODY = YES;
				CLANG_WARN_ENUM_CONVERSION = YES;
				CLANG_WARN_INFINITE_RECURSION = YES;
				CLANG_WARN_INT_CONVERSION = YES;
				CLANG_WARN_NON_LITERAL_NULL_CONVERSION = YES;
				CLANG_WARN_OBJC_LITERAL_CONVERSION = YES;
				CLANG_WARN_OBJC_ROOT_CLASS = YES_ERROR;
				CLANG_WARN_RANGE_LOOP_ANALYSIS = YES;
				CLANG_WARN_STRICT_PROTOTYPES = YES;
				CLANG_WARN_SUSPICIOUS_MOVE = YES;
				CLANG_WARN_UNGUARDED_AVAILABILITY = YES_AGGRESSIVE;
				CLANG_WARN_UNREACHABLE_CODE = YES;
				CLANG_WARN__DUPLICATE_METHOD_MATCH = YES;
				COPY_PHASE_STRIP = NO;
				DEBUG_INFORMATION_FORMAT = "dwarf-with-dsym";
				ENABLE_NS_ASSERTIONS = NO;
				ENABLE_STRICT_OBJC_MSGSEND = YES;
				GCC_C_LANGUAGE_STANDARD = gnu11;
				GCC_NO_COMMON_BLOCKS = YES;
				GCC_WARN_64_TO_32_BIT_CONVERSION = YES;
				GCC_WARN_ABOUT_RETURN_TYPE = YES_ERROR;
				GCC_WARN_UNDECLARED_SELECTOR = YES;
				GCC_WARN_UNINITIALIZED_AUTOS = YES_AGGRESSIVE;
				GCC_WARN_UNUSED_FUNCTION = YES;
				GCC_WARN_UNUSED_VARIABLE = YES;
				MACOSX_DEPLOYMENT_TARGET = 10.10.5;
				MTL_ENABLE_DEBUG_INFO = NO;
			};
			name = Release;
		};
		018721F21FA101EE0090F198 /* Debug */ = {
			isa = XCBuildConfiguration;
			buildSettings = {
				CODE_SIGN_STYLE = Automatic;
				DEBUGGING_SYMBOLS = YES;
				DEBUG_INFORMATION_FORMAT = dwarf;
				GCC_GENERATE_DEBUGGING_SYMBOLS = YES;
				GCC_OPTIMIZATION_LEVEL = 0;
				OTHER_CFLAGS = "";
				OTHER_LDFLAGS = "";
				PRODUCT_NAME = "$(TARGET_NAME)";
			};
			name = Debug;
		};
		018721F31FA101EE0090F198 /* Release */ = {
			isa = XCBuildConfiguration;
			buildSettings = {
				CODE_SIGN_STYLE = Automatic;
				DEBUG_INFORMATION_FORMAT = "dwarf-with-dsym";
				OTHER_CFLAGS = "";
				OTHER_LDFLAGS = "";
				PRODUCT_NAME = "$(TARGET_NAME)";
			};
			name = Release;
		};
/* End XCBuildConfiguration section */

/* Begin XCConfigurationList section */
		018721ED1FA101EE0090F198 /* Build configuration list for PBXProject "ColorCupMake" */ = {
			isa = XCConfigurationList;
			buildConfigurations = (
				018721EF1FA101EE0090F198 /* Debug */,
				018721F01FA101EE0090F198 /* Release */,
			);
			defaultConfigurationIsVisible = 0;
			defaultConfigurationName = Release;
		};
		018721F11FA101EE0090F198 /* Build configuration list for PBXLegacyTarget "ColorCupMake" */ = {
			isa = XCConfigurationList;
			buildConfigurations = (
				018721F21FA101EE0090F198 /* Debug */,
				018721F31FA101EE0090F198 /* Release */,
			);
			defaultConfigurationIsVisible = 0;
			defaultConfigurationName = Release;
		};
/* End XCConfigurationList section */
	};
	rootObject = 018721EA1FA101EE0090F198 /* Project object */;
}
